schema: '2.0'
stages:
  make_dataset:
    cmd: python .\src\data\make_dataset.py /data/interim/merged_raw_data.csv /data/processed/processed_raw_data.csv
    deps:
    - path: .\src\data\make_dataset.py
      hash: md5
      md5: 2c4fc854a1343df760bdf0430b17bf22
      size: 23718
    - path: data\interim\merged_raw_data.csv
      hash: md5
      md5: 373b4f9c4eac0a8f811b0ec50e7cc6a3
      size: 82194894
    - path: data\processed\processed_raw_data.csv
      hash: md5
      md5: 405bf25fdbc69f4bfabc79b26ec7a0e4
      size: 11092160
    params:
      params.yaml:
        make_dataset.seed: 42
        make_dataset.test_split: 0.25
